
Microsoft Visual Studio Solution File, Format Version 12.00
# Visual Studio Version 17
VisualStudioVersion = 17.0.31903.59
MinimumVisualStudioVersion = 10.0.40219.1
Project("{FAE04EC0-301F-11D3-BF4B-00C04F79EFBC}") = "Project1", "Project1App\Project1.csproj", "{0743A836-6833-4155-96F4-E1CDED0AFDE8}"
EndProject
Project("{FAE04EC0-301F-11D3-BF4B-00C04F79EFBC}") = "Project1AppTesting", "Project1App.Tests\Project1AppTesting.csproj", "{B5C8EBD5-99D9-4B56-8AAC-7BEC1152AE3B}"
EndProject
Global
	GlobalSection(SolutionConfigurationPlatforms) = preSolution
		Debug|Any CPU = Debug|Any CPU
		Release|Any CPU = Release|Any CPU
	EndGlobalSection
	GlobalSection(SolutionProperties) = preSolution
		HideSolutionNode = FALSE
	EndGlobalSection
	GlobalSection(ProjectConfigurationPlatforms) = postSolution
		{0743A836-6833-4155-96F4-E1CDED0AFDE8}.Debug|Any CPU.ActiveCfg = Debug|Any CPU
		{0743A836-6833-4155-96F4-E1CDED0AFDE8}.Debug|Any CPU.Build.0 = Debug|Any CPU
		{0743A836-6833-4155-96F4-E1CDED0AFDE8}.Release|Any CPU.ActiveCfg = Release|Any CPU
		{0743A836-6833-4155-96F4-E1CDED0AFDE8}.Release|Any CPU.Build.0 = Release|Any CPU
		{B5C8EBD5-99D9-4B56-8AAC-7BEC1152AE3B}.Debug|Any CPU.ActiveCfg = Debug|Any CPU
		{B5C8EBD5-99D9-4B56-8AAC-7BEC1152AE3B}.Debug|Any CPU.Build.0 = Debug|Any CPU
		{B5C8EBD5-99D9-4B56-8AAC-7BEC1152AE3B}.Release|Any CPU.ActiveCfg = Release|Any CPU
		{B5C8EBD5-99D9-4B56-8AAC-7BEC1152AE3B}.Release|Any CPU.Build.0 = Release|Any CPU
	EndGlobalSection
EndGlobal
